// !$*UTF8*$!
{
	archiveVersion = 1;
	classes = {
	};
	objectVersion = 56;
	objects = {

/* Begin PBXBuildFile section */
		DA2ACE92296CD42100D5928C /* TouchDownApp.swift in Sources */ = {isa = PBXBuildFile; fileRef = DA2ACE91296CD42100D5928C /* TouchDownApp.swift */; };
		DA2ACE94296CD42100D5928C /* ContentView.swift in Sources */ = {isa = PBXBuildFile; fileRef = DA2ACE93296CD42100D5928C /* ContentView.swift */; };
		DA2ACE96296CD42200D5928C /* Assets.xcassets in Resources */ = {isa = PBXBuildFile; fileRef = DA2ACE95296CD42200D5928C /* Assets.xcassets */; };
		DA2ACE99296CD42200D5928C /* Preview Assets.xcassets in Resources */ = {isa = PBXBuildFile; fileRef = DA2ACE98296CD42200D5928C /* Preview Assets.xcassets */; };
		DA2ACEA3296CD48C00D5928C /* product.json in Resources */ = {isa = PBXBuildFile; fileRef = DA2ACE9F296CD48C00D5928C /* product.json */; };
		DA2ACEA4296CD48C00D5928C /* brand.json in Resources */ = {isa = PBXBuildFile; fileRef = DA2ACEA0296CD48C00D5928C /* brand.json */; };
		DA2ACEA5296CD48C00D5928C /* player.json in Resources */ = {isa = PBXBuildFile; fileRef = DA2ACEA1296CD48C00D5928C /* player.json */; };
		DA2ACEA6296CD48C00D5928C /* category.json in Resources */ = {isa = PBXBuildFile; fileRef = DA2ACEA2296CD48C00D5928C /* category.json */; };
		DA2ACEB1296CD61100D5928C /* Constant.swift in Sources */ = {isa = PBXBuildFile; fileRef = DA2ACEB0296CD61100D5928C /* Constant.swift */; };
		DA2ACEB3296CD68700D5928C /* FooterView.swift in Sources */ = {isa = PBXBuildFile; fileRef = DA2ACEB2296CD68700D5928C /* FooterView.swift */; };
		DA2ACEB5296CD7B700D5928C /* NavigationBarView.swift in Sources */ = {isa = PBXBuildFile; fileRef = DA2ACEB4296CD7B700D5928C /* NavigationBarView.swift */; };
		DA2ACEB7296CD93C00D5928C /* LogoView.swift in Sources */ = {isa = PBXBuildFile; fileRef = DA2ACEB6296CD93C00D5928C /* LogoView.swift */; };
		DA2ACEB9296D222200D5928C /* PlayerModel.swift in Sources */ = {isa = PBXBuildFile; fileRef = DA2ACEB8296D222200D5928C /* PlayerModel.swift */; };
		DA2ACEBB296D226100D5928C /* CodableBundleExtension.swift in Sources */ = {isa = PBXBuildFile; fileRef = DA2ACEBA296D226100D5928C /* CodableBundleExtension.swift */; };
		DA2ACEBE296D23AC00D5928C /* FuturedItemView.swift in Sources */ = {isa = PBXBuildFile; fileRef = DA2ACEBD296D23AC00D5928C /* FuturedItemView.swift */; };
		DA2ACEC0296D244C00D5928C /* FeaturedTabView.swift in Sources */ = {isa = PBXBuildFile; fileRef = DA2ACEBF296D244C00D5928C /* FeaturedTabView.swift */; };
		DA2ACEC2296D3ADB00D5928C /* CategoryModel.swift in Sources */ = {isa = PBXBuildFile; fileRef = DA2ACEC1296D3ADB00D5928C /* CategoryModel.swift */; };
		DA2ACEC4296D3E8000D5928C /* CategoryItemView.swift in Sources */ = {isa = PBXBuildFile; fileRef = DA2ACEC3296D3E8000D5928C /* CategoryItemView.swift */; };
		DA2ACEC6296D3FC400D5928C /* CategoryGridView.swift in Sources */ = {isa = PBXBuildFile; fileRef = DA2ACEC5296D3FC400D5928C /* CategoryGridView.swift */; };
		DA2ACEC8296D432800D5928C /* SectionView.swift in Sources */ = {isa = PBXBuildFile; fileRef = DA2ACEC7296D432800D5928C /* SectionView.swift */; };
		DA2ACECA296E1E5600D5928C /* TitleView.swift in Sources */ = {isa = PBXBuildFile; fileRef = DA2ACEC9296E1E5600D5928C /* TitleView.swift */; };
		DA2ACECC296E1F2E00D5928C /* ProductModel.swift in Sources */ = {isa = PBXBuildFile; fileRef = DA2ACECB296E1F2E00D5928C /* ProductModel.swift */; };
		DA2ACECE296E1F8E00D5928C /* ProductItemView.swift in Sources */ = {isa = PBXBuildFile; fileRef = DA2ACECD296E1F8E00D5928C /* ProductItemView.swift */; };
		DA2ACED0296E227D00D5928C /* BrandModel.swift in Sources */ = {isa = PBXBuildFile; fileRef = DA2ACECF296E227D00D5928C /* BrandModel.swift */; };
		DA2ACED2296E22B600D5928C /* BrandItemView.swift in Sources */ = {isa = PBXBuildFile; fileRef = DA2ACED1296E22B600D5928C /* BrandItemView.swift */; };
		DA2ACED6296E234100D5928C /* BrandGridView.swift in Sources */ = {isa = PBXBuildFile; fileRef = DA2ACED5296E234100D5928C /* BrandGridView.swift */; };
		DA2ACED8296E24F000D5928C /* ProductDetailView.swift in Sources */ = {isa = PBXBuildFile; fileRef = DA2ACED7296E24F000D5928C /* ProductDetailView.swift */; };
		DA2ACEDA296E27F900D5928C /* NavigationBarDetailView.swift in Sources */ = {isa = PBXBuildFile; fileRef = DA2ACED9296E27F900D5928C /* NavigationBarDetailView.swift */; };
		DA2ACEDC296E294D00D5928C /* HeaderDetailView.swift in Sources */ = {isa = PBXBuildFile; fileRef = DA2ACEDB296E294D00D5928C /* HeaderDetailView.swift */; };
		DA2ACEDE296E29D500D5928C /* TopPartDetailView.swift in Sources */ = {isa = PBXBuildFile; fileRef = DA2ACEDD296E29D500D5928C /* TopPartDetailView.swift */; };
		DA301F33296FCABF00C0BCD5 /* Shop.swift in Sources */ = {isa = PBXBuildFile; fileRef = DA301F32296FCABF00C0BCD5 /* Shop.swift */; };
		DADCEE77296F932E000E7F13 /* CustomShape.swift in Sources */ = {isa = PBXBuildFile; fileRef = DADCEE76296F932E000E7F13 /* CustomShape.swift */; };
		DADCEE79296F958B000E7F13 /* RatingSizedDetailView.swift in Sources */ = {isa = PBXBuildFile; fileRef = DADCEE78296F958B000E7F13 /* RatingSizedDetailView.swift */; };
		DADCEE7B296FAE71000E7F13 /* QuantityFavouriteDetailView.swift in Sources */ = {isa = PBXBuildFile; fileRef = DADCEE7A296FAE71000E7F13 /* QuantityFavouriteDetailView.swift */; };
		DADCEE7D296FB5C4000E7F13 /* AddToCardDetailView.swift in Sources */ = {isa = PBXBuildFile; fileRef = DADCEE7C296FB5C4000E7F13 /* AddToCardDetailView.swift */; };
/* End PBXBuildFile section */

/* Begin PBXFileReference section */
		DA2ACE8E296CD42100D5928C /* TouchDown.app */ = {isa = PBXFileReference; explicitFileType = wrapper.application; includeInIndex = 0; path = TouchDown.app; sourceTree = BUILT_PRODUCTS_DIR; };
		DA2ACE91296CD42100D5928C /* TouchDownApp.swift */ = {isa = PBXFileReference; lastKnownFileType = sourcecode.swift; path = TouchDownApp.swift; sourceTree = "<group>"; };
		DA2ACE93296CD42100D5928C /* ContentView.swift */ = {isa = PBXFileReference; lastKnownFileType = sourcecode.swift; path = ContentView.swift; sourceTree = "<group>"; };
		DA2ACE95296CD42200D5928C /* Assets.xcassets */ = {isa = PBXFileReference; lastKnownFileType = folder.assetcatalog; path = Assets.xcassets; sourceTree = "<group>"; };
		DA2ACE98296CD42200D5928C /* Preview Assets.xcassets */ = {isa = PBXFileReference; lastKnownFileType = folder.assetcatalog; path = "Preview Assets.xcassets"; sourceTree = "<group>"; };
		DA2ACE9F296CD48C00D5928C /* product.json */ = {isa = PBXFileReference; fileEncoding = 4; lastKnownFileType = text.json; path = product.json; sourceTree = "<group>"; };
		DA2ACEA0296CD48C00D5928C /* brand.json */ = {isa = PBXFileReference; fileEncoding = 4; lastKnownFileType = text.json; path = brand.json; sourceTree = "<group>"; };
		DA2ACEA1296CD48C00D5928C /* player.json */ = {isa = PBXFileReference; fileEncoding = 4; lastKnownFileType = text.json; path = player.json; sourceTree = "<group>"; };
		DA2ACEA2296CD48C00D5928C /* category.json */ = {isa = PBXFileReference; fileEncoding = 4; lastKnownFileType = text.json; path = category.json; sourceTree = "<group>"; };
		DA2ACEA8296CD4BD00D5928C /* Info.plist */ = {isa = PBXFileReference; lastKnownFileType = text.plist; path = Info.plist; sourceTree = "<group>"; };
		DA2ACEB0296CD61100D5928C /* Constant.swift */ = {isa = PBXFileReference; lastKnownFileType = sourcecode.swift; path = Constant.swift; sourceTree = "<group>"; };
		DA2ACEB2296CD68700D5928C /* FooterView.swift */ = {isa = PBXFileReference; lastKnownFileType = sourcecode.swift; path = FooterView.swift; sourceTree = "<group>"; };
		DA2ACEB4296CD7B700D5928C /* NavigationBarView.swift */ = {isa = PBXFileReference; lastKnownFileType = sourcecode.swift; path = NavigationBarView.swift; sourceTree = "<group>"; };
		DA2ACEB6296CD93C00D5928C /* LogoView.swift */ = {isa = PBXFileReference; lastKnownFileType = sourcecode.swift; path = LogoView.swift; sourceTree = "<group>"; };
		DA2ACEB8296D222200D5928C /* PlayerModel.swift */ = {isa = PBXFileReference; lastKnownFileType = sourcecode.swift; path = PlayerModel.swift; sourceTree = "<group>"; };
		DA2ACEBA296D226100D5928C /* CodableBundleExtension.swift */ = {isa = PBXFileReference; lastKnownFileType = sourcecode.swift; path = CodableBundleExtension.swift; sourceTree = "<group>"; };
		DA2ACEBD296D23AC00D5928C /* FuturedItemView.swift */ = {isa = PBXFileReference; lastKnownFileType = sourcecode.swift; path = FuturedItemView.swift; sourceTree = "<group>"; };
		DA2ACEBF296D244C00D5928C /* FeaturedTabView.swift */ = {isa = PBXFileReference; lastKnownFileType = sourcecode.swift; path = FeaturedTabView.swift; sourceTree = "<group>"; };
		DA2ACEC1296D3ADB00D5928C /* CategoryModel.swift */ = {isa = PBXFileReference; lastKnownFileType = sourcecode.swift; path = CategoryModel.swift; sourceTree = "<group>"; };
		DA2ACEC3296D3E8000D5928C /* CategoryItemView.swift */ = {isa = PBXFileReference; lastKnownFileType = sourcecode.swift; path = CategoryItemView.swift; sourceTree = "<group>"; };
		DA2ACEC5296D3FC400D5928C /* CategoryGridView.swift */ = {isa = PBXFileReference; lastKnownFileType = sourcecode.swift; path = CategoryGridView.swift; sourceTree = "<group>"; };
		DA2ACEC7296D432800D5928C /* SectionView.swift */ = {isa = PBXFileReference; lastKnownFileType = sourcecode.swift; path = SectionView.swift; sourceTree = "<group>"; };
		DA2ACEC9296E1E5600D5928C /* TitleView.swift */ = {isa = PBXFileReference; lastKnownFileType = sourcecode.swift; path = TitleView.swift; sourceTree = "<group>"; };
		DA2ACECB296E1F2E00D5928C /* ProductModel.swift */ = {isa = PBXFileReference; lastKnownFileType = sourcecode.swift; path = ProductModel.swift; sourceTree = "<group>"; };
		DA2ACECD296E1F8E00D5928C /* ProductItemView.swift */ = {isa = PBXFileReference; lastKnownFileType = sourcecode.swift; path = ProductItemView.swift; sourceTree = "<group>"; };
		DA2ACECF296E227D00D5928C /* BrandModel.swift */ = {isa = PBXFileReference; lastKnownFileType = sourcecode.swift; path = BrandModel.swift; sourceTree = "<group>"; };
		DA2ACED1296E22B600D5928C /* BrandItemView.swift */ = {isa = PBXFileReference; lastKnownFileType = sourcecode.swift; path = BrandItemView.swift; sourceTree = "<group>"; };
		DA2ACED5296E234100D5928C /* BrandGridView.swift */ = {isa = PBXFileReference; lastKnownFileType = sourcecode.swift; path = BrandGridView.swift; sourceTree = "<group>"; };
		DA2ACED7296E24F000D5928C /* ProductDetailView.swift */ = {isa = PBXFileReference; lastKnownFileType = sourcecode.swift; path = ProductDetailView.swift; sourceTree = "<group>"; };
		DA2ACED9296E27F900D5928C /* NavigationBarDetailView.swift */ = {isa = PBXFileReference; lastKnownFileType = sourcecode.swift; path = NavigationBarDetailView.swift; sourceTree = "<group>"; };
		DA2ACEDB296E294D00D5928C /* HeaderDetailView.swift */ = {isa = PBXFileReference; lastKnownFileType = sourcecode.swift; path = HeaderDetailView.swift; sourceTree = "<group>"; };
		DA2ACEDD296E29D500D5928C /* TopPartDetailView.swift */ = {isa = PBXFileReference; lastKnownFileType = sourcecode.swift; path = TopPartDetailView.swift; sourceTree = "<group>"; };
		DA301F32296FCABF00C0BCD5 /* Shop.swift */ = {isa = PBXFileReference; lastKnownFileType = sourcecode.swift; path = Shop.swift; sourceTree = "<group>"; };
		DADCEE76296F932E000E7F13 /* CustomShape.swift */ = {isa = PBXFileReference; lastKnownFileType = sourcecode.swift; path = CustomShape.swift; sourceTree = "<group>"; };
		DADCEE78296F958B000E7F13 /* RatingSizedDetailView.swift */ = {isa = PBXFileReference; lastKnownFileType = sourcecode.swift; path = RatingSizedDetailView.swift; sourceTree = "<group>"; };
		DADCEE7A296FAE71000E7F13 /* QuantityFavouriteDetailView.swift */ = {isa = PBXFileReference; lastKnownFileType = sourcecode.swift; path = QuantityFavouriteDetailView.swift; sourceTree = "<group>"; };
		DADCEE7C296FB5C4000E7F13 /* AddToCardDetailView.swift */ = {isa = PBXFileReference; lastKnownFileType = sourcecode.swift; path = AddToCardDetailView.swift; sourceTree = "<group>"; };
/* End PBXFileReference section */

/* Begin PBXFrameworksBuildPhase section */
		DA2ACE8B296CD42100D5928C /* Frameworks */ = {
			isa = PBXFrameworksBuildPhase;
			buildActionMask = 2147483647;
			files = (
			);
			runOnlyForDeploymentPostprocessing = 0;
		};
/* End PBXFrameworksBuildPhase section */

/* Begin PBXGroup section */
		DA2ACE85296CD42100D5928C = {
			isa = PBXGroup;
			children = (
				DA2ACE90296CD42100D5928C /* TouchDown */,
				DA2ACE8F296CD42100D5928C /* Products */,
			);
			sourceTree = "<group>";
		};
		DA2ACE8F296CD42100D5928C /* Products */ = {
			isa = PBXGroup;
			children = (
				DA2ACE8E296CD42100D5928C /* TouchDown.app */,
			);
			name = Products;
			sourceTree = "<group>";
		};
		DA2ACE90296CD42100D5928C /* TouchDown */ = {
			isa = PBXGroup;
			children = (
				DA2ACEAD296CD59900D5928C /* App */,
				DA2ACEA9296CD56D00D5928C /* View */,
				DA2ACEA7296CD49300D5928C /* Data */,
				DA2ACEAA296CD57600D5928C /* Model */,
				DA2ACEAC296CD58100D5928C /* Uitility */,
				DA2ACEAB296CD57C00D5928C /* Extension */,
				DA2ACEA8296CD4BD00D5928C /* Info.plist */,
				DA2ACE95296CD42200D5928C /* Assets.xcassets */,
				DA2ACE97296CD42200D5928C /* Preview Content */,
			);
			path = TouchDown;
			sourceTree = "<group>";
		};
		DA2ACE97296CD42200D5928C /* Preview Content */ = {
			isa = PBXGroup;
			children = (
				DA2ACE98296CD42200D5928C /* Preview Assets.xcassets */,
			);
			path = "Preview Content";
			sourceTree = "<group>";
		};
		DA2ACEA7296CD49300D5928C /* Data */ = {
			isa = PBXGroup;
			children = (
				DA2ACEA0296CD48C00D5928C /* brand.json */,
				DA2ACEA2296CD48C00D5928C /* category.json */,
				DA2ACEA1296CD48C00D5928C /* player.json */,
				DA2ACE9F296CD48C00D5928C /* product.json */,
			);
			path = Data;
			sourceTree = "<group>";
		};
		DA2ACEA9296CD56D00D5928C /* View */ = {
			isa = PBXGroup;
			children = (
				DA2ACEAF296CD5F000D5928C /* Home */,
				DA2ACEAE296CD5EB00D5928C /* Detail */,
			);
			path = View;
			sourceTree = "<group>";
		};
		DA2ACEAA296CD57600D5928C /* Model */ = {
			isa = PBXGroup;
			children = (
				DA2ACEB8296D222200D5928C /* PlayerModel.swift */,
				DA2ACEC1296D3ADB00D5928C /* CategoryModel.swift */,
				DA2ACECB296E1F2E00D5928C /* ProductModel.swift */,
				DA2ACECF296E227D00D5928C /* BrandModel.swift */,
			);
			path = Model;
			sourceTree = "<group>";
		};
		DA2ACEAB296CD57C00D5928C /* Extension */ = {
			isa = PBXGroup;
			children = (
				DA2ACEBA296D226100D5928C /* CodableBundleExtension.swift */,
			);
			path = Extension;
			sourceTree = "<group>";
		};
		DA2ACEAC296CD58100D5928C /* Uitility */ = {
			isa = PBXGroup;
			children = (
				DA2ACEB0296CD61100D5928C /* Constant.swift */,
				DADCEE76296F932E000E7F13 /* CustomShape.swift */,
				DA301F32296FCABF00C0BCD5 /* Shop.swift */,
			);
			path = Uitility;
			sourceTree = "<group>";
		};
		DA2ACEAD296CD59900D5928C /* App */ = {
			isa = PBXGroup;
			children = (
				DA2ACE91296CD42100D5928C /* TouchDownApp.swift */,
				DA2ACE93296CD42100D5928C /* ContentView.swift */,
				DA2ACED7296E24F000D5928C /* ProductDetailView.swift */,
			);
			path = App;
			sourceTree = "<group>";
		};
		DA2ACEAE296CD5EB00D5928C /* Detail */ = {
			isa = PBXGroup;
			children = (
				DA2ACED9296E27F900D5928C /* NavigationBarDetailView.swift */,
				DA2ACEDB296E294D00D5928C /* HeaderDetailView.swift */,
				DA2ACEDD296E29D500D5928C /* TopPartDetailView.swift */,
				DADCEE78296F958B000E7F13 /* RatingSizedDetailView.swift */,
				DADCEE7A296FAE71000E7F13 /* QuantityFavouriteDetailView.swift */,
				DADCEE7C296FB5C4000E7F13 /* AddToCardDetailView.swift */,
			);
			path = Detail;
			sourceTree = "<group>";
		};
		DA2ACEAF296CD5F000D5928C /* Home */ = {
			isa = PBXGroup;
			children = (
				DA2ACEB2296CD68700D5928C /* FooterView.swift */,
				DA2ACEB4296CD7B700D5928C /* NavigationBarView.swift */,
				DA2ACEB6296CD93C00D5928C /* LogoView.swift */,
				DA2ACEBD296D23AC00D5928C /* FuturedItemView.swift */,
				DA2ACEBF296D244C00D5928C /* FeaturedTabView.swift */,
				DA2ACEC3296D3E8000D5928C /* CategoryItemView.swift */,
				DA2ACEC5296D3FC400D5928C /* CategoryGridView.swift */,
				DA2ACEC7296D432800D5928C /* SectionView.swift */,
				DA2ACEC9296E1E5600D5928C /* TitleView.swift */,
				DA2ACECD296E1F8E00D5928C /* ProductItemView.swift */,
				DA2ACED1296E22B600D5928C /* BrandItemView.swift */,
				DA2ACED5296E234100D5928C /* BrandGridView.swift */,
			);
			path = Home;
			sourceTree = "<group>";
		};
/* End PBXGroup section */

/* Begin PBXNativeTarget section */
		DA2ACE8D296CD42100D5928C /* TouchDown */ = {
			isa = PBXNativeTarget;
			buildConfigurationList = DA2ACE9C296CD42200D5928C /* Build configuration list for PBXNativeTarget "TouchDown" */;
			buildPhases = (
				DA2ACE8A296CD42100D5928C /* Sources */,
				DA2ACE8B296CD42100D5928C /* Frameworks */,
				DA2ACE8C296CD42100D5928C /* Resources */,
			);
			buildRules = (
			);
			dependencies = (
			);
			name = TouchDown;
			productName = TouchDown;
			productReference = DA2ACE8E296CD42100D5928C /* TouchDown.app */;
			productType = "com.apple.product-type.application";
		};
/* End PBXNativeTarget section */

/* Begin PBXProject section */
		DA2ACE86296CD42100D5928C /* Project object */ = {
			isa = PBXProject;
			attributes = {
				BuildIndependentTargetsInParallel = 1;
				LastSwiftUpdateCheck = 1420;
				LastUpgradeCheck = 1420;
				TargetAttributes = {
					DA2ACE8D296CD42100D5928C = {
						CreatedOnToolsVersion = 14.2;
					};
				};
			};
			buildConfigurationList = DA2ACE89296CD42100D5928C /* Build configuration list for PBXProject "TouchDown" */;
			compatibilityVersion = "Xcode 14.0";
			developmentRegion = en;
			hasScannedForEncodings = 0;
			knownRegions = (
				en,
				Base,
			);
			mainGroup = DA2ACE85296CD42100D5928C;
			productRefGroup = DA2ACE8F296CD42100D5928C /* Products */;
			projectDirPath = "";
			projectRoot = "";
			targets = (
				DA2ACE8D296CD42100D5928C /* TouchDown */,
			);
		};
/* End PBXProject section */

/* Begin PBXResourcesBuildPhase section */
		DA2ACE8C296CD42100D5928C /* Resources */ = {
			isa = PBXResourcesBuildPhase;
			buildActionMask = 2147483647;
			files = (
				DA2ACEA5296CD48C00D5928C /* player.json in Resources */,
				DA2ACE99296CD42200D5928C /* Preview Assets.xcassets in Resources */,
				DA2ACEA4296CD48C00D5928C /* brand.json in Resources */,
				DA2ACEA6296CD48C00D5928C /* category.json in Resources */,
				DA2ACE96296CD42200D5928C /* Assets.xcassets in Resources */,
				DA2ACEA3296CD48C00D5928C /* product.json in Resources */,
			);
			runOnlyForDeploymentPostprocessing = 0;
		};
/* End PBXResourcesBuildPhase section */

/* Begin PBXSourcesBuildPhase section */
		DA2ACE8A296CD42100D5928C /* Sources */ = {
			isa = PBXSourcesBuildPhase;
			buildActionMask = 2147483647;
			files = (
				DA2ACEBE296D23AC00D5928C /* FuturedItemView.swift in Sources */,
				DA2ACEDC296E294D00D5928C /* HeaderDetailView.swift in Sources */,
				DA2ACEDE296E29D500D5928C /* TopPartDetailView.swift in Sources */,
				DA2ACEBB296D226100D5928C /* CodableBundleExtension.swift in Sources */,
				DA2ACE94296CD42100D5928C /* ContentView.swift in Sources */,
				DA2ACEB7296CD93C00D5928C /* LogoView.swift in Sources */,
				DA2ACEB3296CD68700D5928C /* FooterView.swift in Sources */,
				DA2ACECE296E1F8E00D5928C /* ProductItemView.swift in Sources */,
				DADCEE7D296FB5C4000E7F13 /* AddToCardDetailView.swift in Sources */,
				DA2ACED6296E234100D5928C /* BrandGridView.swift in Sources */,
				DA2ACE92296CD42100D5928C /* TouchDownApp.swift in Sources */,
				DA2ACED8296E24F000D5928C /* ProductDetailView.swift in Sources */,
				DA2ACEDA296E27F900D5928C /* NavigationBarDetailView.swift in Sources */,
				DA2ACEB1296CD61100D5928C /* Constant.swift in Sources */,
				DA2ACEC6296D3FC400D5928C /* CategoryGridView.swift in Sources */,
				DADCEE79296F958B000E7F13 /* RatingSizedDetailView.swift in Sources */,
				DA2ACED2296E22B600D5928C /* BrandItemView.swift in Sources */,
				DA2ACEC2296D3ADB00D5928C /* CategoryModel.swift in Sources */,
				DA2ACEB5296CD7B700D5928C /* NavigationBarView.swift in Sources */,
				DA2ACEC8296D432800D5928C /* SectionView.swift in Sources */,
				DA2ACEC4296D3E8000D5928C /* CategoryItemView.swift in Sources */,
				DA2ACEC0296D244C00D5928C /* FeaturedTabView.swift in Sources */,
				DADCEE77296F932E000E7F13 /* CustomShape.swift in Sources */,
				DA2ACEB9296D222200D5928C /* PlayerModel.swift in Sources */,
				DA301F33296FCABF00C0BCD5 /* Shop.swift in Sources */,
				DA2ACED0296E227D00D5928C /* BrandModel.swift in Sources */,
				DA2ACECA296E1E5600D5928C /* TitleView.swift in Sources */,
				DADCEE7B296FAE71000E7F13 /* QuantityFavouriteDetailView.swift in Sources */,
				DA2ACECC296E1F2E00D5928C /* ProductModel.swift in Sources */,
			);
			runOnlyForDeploymentPostprocessing = 0;
		};
/* End PBXSourcesBuildPhase section */

/* Begin XCBuildConfiguration section */
		DA2ACE9A296CD42200D5928C /* Debug */ = {
			isa = XCBuildConfiguration;
			buildSettings = {
				ALWAYS_SEARCH_USER_PATHS = NO;
				CLANG_ANALYZER_NONNULL = YES;
				CLANG_ANALYZER_NUMBER_OBJECT_CONVERSION = YES_AGGRESSIVE;
				CLANG_CXX_LANGUAGE_STANDARD = "gnu++20";
				CLANG_ENABLE_MODULES = YES;
				CLANG_ENABLE_OBJC_ARC = YES;
				CLANG_ENABLE_OBJC_WEAK = YES;
				CLANG_WARN_BLOCK_CAPTURE_AUTORELEASING = YES;
				CLANG_WARN_BOOL_CONVERSION = YES;
				CLANG_WARN_COMMA = YES;
				CLANG_WARN_CONSTANT_CONVERSION = YES;
				CLANG_WARN_DEPRECATED_OBJC_IMPLEMENTATIONS = YES;
				CLANG_WARN_DIRECT_OBJC_ISA_USAGE = YES_ERROR;
				CLANG_WARN_DOCUMENTATION_COMMENTS = YES;
				CLANG_WARN_EMPTY_BODY = YES;
				CLANG_WARN_ENUM_CONVERSION = YES;
				CLANG_WARN_INFINITE_RECURSION = YES;
				CLANG_WARN_INT_CONVERSION = YES;
				CLANG_WARN_NON_LITERAL_NULL_CONVERSION = YES;
				CLANG_WARN_OBJC_IMPLICIT_RETAIN_SELF = YES;
				CLANG_WARN_OBJC_LITERAL_CONVERSION = YES;
				CLANG_WARN_OBJC_ROOT_CLASS = YES_ERROR;
				CLANG_WARN_QUOTED_INCLUDE_IN_FRAMEWORK_HEADER = YES;
				CLANG_WARN_RANGE_LOOP_ANALYSIS = YES;
				CLANG_WARN_STRICT_PROTOTYPES = YES;
				CLANG_WARN_SUSPICIOUS_MOVE = YES;
				CLANG_WARN_UNGUARDED_AVAILABILITY = YES_AGGRESSIVE;
				CLANG_WARN_UNREACHABLE_CODE = YES;
				CLANG_WARN__DUPLICATE_METHOD_MATCH = YES;
				COPY_PHASE_STRIP = NO;
				DEBUG_INFORMATION_FORMAT = dwarf;
				ENABLE_STRICT_OBJC_MSGSEND = YES;
				ENABLE_TESTABILITY = YES;
				GCC_C_LANGUAGE_STANDARD = gnu11;
				GCC_DYNAMIC_NO_PIC = NO;
				GCC_NO_COMMON_BLOCKS = YES;
				GCC_OPTIMIZATION_LEVEL = 0;
				GCC_PREPROCESSOR_DEFINITIONS = (
					"DEBUG=1",
					"$(inherited)",
				);
				GCC_WARN_64_TO_32_BIT_CONVERSION = YES;
				GCC_WARN_ABOUT_RETURN_TYPE = YES_ERROR;
				GCC_WARN_UNDECLARED_SELECTOR = YES;
				GCC_WARN_UNINITIALIZED_AUTOS = YES_AGGRESSIVE;
				GCC_WARN_UNUSED_FUNCTION = YES;
				GCC_WARN_UNUSED_VARIABLE = YES;
				IPHONEOS_DEPLOYMENT_TARGET = 16.2;
				MTL_ENABLE_DEBUG_INFO = INCLUDE_SOURCE;
				MTL_FAST_MATH = YES;
				ONLY_ACTIVE_ARCH = YES;
				SDKROOT = iphoneos;
				SWIFT_ACTIVE_COMPILATION_CONDITIONS = DEBUG;
				SWIFT_OPTIMIZATION_LEVEL = "-Onone";
			};
			name = Debug;
		};
		DA2ACE9B296CD42200D5928C /* Release */ = {
			isa = XCBuildConfiguration;
			buildSettings = {
				ALWAYS_SEARCH_USER_PATHS = NO;
				CLANG_ANALYZER_NONNULL = YES;
				CLANG_ANALYZER_NUMBER_OBJECT_CONVERSION = YES_AGGRESSIVE;
				CLANG_CXX_LANGUAGE_STANDARD = "gnu++20";
				CLANG_ENABLE_MODULES = YES;
				CLANG_ENABLE_OBJC_ARC = YES;
				CLANG_ENABLE_OBJC_WEAK = YES;
				CLANG_WARN_BLOCK_CAPTURE_AUTORELEASING = YES;
				CLANG_WARN_BOOL_CONVERSION = YES;
				CLANG_WARN_COMMA = YES;
				CLANG_WARN_CONSTANT_CONVERSION = YES;
				CLANG_WARN_DEPRECATED_OBJC_IMPLEMENTATIONS = YES;
				CLANG_WARN_DIRECT_OBJC_ISA_USAGE = YES_ERROR;
				CLANG_WARN_DOCUMENTATION_COMMENTS = YES;
				CLANG_WARN_EMPTY_BODY = YES;
				CLANG_WARN_ENUM_CONVERSION = YES;
				CLANG_WARN_INFINITE_RECURSION = YES;
				CLANG_WARN_INT_CONVERSION = YES;
				CLANG_WARN_NON_LITERAL_NULL_CONVERSION = YES;
				CLANG_WARN_OBJC_IMPLICIT_RETAIN_SELF = YES;
				CLANG_WARN_OBJC_LITERAL_CONVERSION = YES;
				CLANG_WARN_OBJC_ROOT_CLASS = YES_ERROR;
				CLANG_WARN_QUOTED_INCLUDE_IN_FRAMEWORK_HEADER = YES;
				CLANG_WARN_RANGE_LOOP_ANALYSIS = YES;
				CLANG_WARN_STRICT_PROTOTYPES = YES;
				CLANG_WARN_SUSPICIOUS_MOVE = YES;
				CLANG_WARN_UNGUARDED_AVAILABILITY = YES_AGGRESSIVE;
				CLANG_WARN_UNREACHABLE_CODE = YES;
				CLANG_WARN__DUPLICATE_METHOD_MATCH = YES;
				COPY_PHASE_STRIP = NO;
				DEBUG_INFORMATION_FORMAT = "dwarf-with-dsym";
				ENABLE_NS_ASSERTIONS = NO;
				ENABLE_STRICT_OBJC_MSGSEND = YES;
				GCC_C_LANGUAGE_STANDARD = gnu11;
				GCC_NO_COMMON_BLOCKS = YES;
				GCC_WARN_64_TO_32_BIT_CONVERSION = YES;
				GCC_WARN_ABOUT_RETURN_TYPE = YES_ERROR;
				GCC_WARN_UNDECLARED_SELECTOR = YES;
				GCC_WARN_UNINITIALIZED_AUTOS = YES_AGGRESSIVE;
				GCC_WARN_UNUSED_FUNCTION = YES;
				GCC_WARN_UNUSED_VARIABLE = YES;
				IPHONEOS_DEPLOYMENT_TARGET = 16.2;
				MTL_ENABLE_DEBUG_INFO = NO;
				MTL_FAST_MATH = YES;
				SDKROOT = iphoneos;
				SWIFT_COMPILATION_MODE = wholemodule;
				SWIFT_OPTIMIZATION_LEVEL = "-O";
				VALIDATE_PRODUCT = YES;
			};
			name = Release;
		};
		DA2ACE9D296CD42200D5928C /* Debug */ = {
			isa = XCBuildConfiguration;
			buildSettings = {
				ASSETCATALOG_COMPILER_APPICON_NAME = AppIcon;
				ASSETCATALOG_COMPILER_GLOBAL_ACCENT_COLOR_NAME = AccentColor;
				CODE_SIGN_STYLE = Automatic;
				CURRENT_PROJECT_VERSION = 1;
				DEVELOPMENT_ASSET_PATHS = "\"TouchDown/Preview Content\"";
				DEVELOPMENT_TEAM = FVWPNKUT4H;
				ENABLE_PREVIEWS = YES;
				GENERATE_INFOPLIST_FILE = YES;
				INFOPLIST_FILE = TouchDown/Info.plist;
				INFOPLIST_KEY_UIApplicationSceneManifest_Generation = YES;
				INFOPLIST_KEY_UIApplicationSupportsIndirectInputEvents = YES;
				INFOPLIST_KEY_UISupportedInterfaceOrientations = "UIInterfaceOrientationPortrait $(PRODUCT_BUNDLE_PACKAGE_TYPE)";
				INFOPLIST_KEY_UIUserInterfaceStyle = Light;
				LD_RUNPATH_SEARCH_PATHS = (
					"$(inherited)",
					"@executable_path/Frameworks",
				);
				MARKETING_VERSION = 1.0;
				PRODUCT_BUNDLE_IDENTIFIER = co.kr.Mystudy.TouchDown;
				PRODUCT_NAME = "$(TARGET_NAME)";
				SWIFT_EMIT_LOC_STRINGS = YES;
				SWIFT_VERSION = 5.0;
				TARGETED_DEVICE_FAMILY = "1,2";
			};
			name = Debug;
		};
		DA2ACE9E296CD42200D5928C /* Release */ = {
			isa = XCBuildConfiguration;
			buildSettings = {
				ASSETCATALOG_COMPILER_APPICON_NAME = AppIcon;
				ASSETCATALOG_COMPILER_GLOBAL_ACCENT_COLOR_NAME = AccentColor;
				CODE_SIGN_STYLE = Automatic;
				CURRENT_PROJECT_VERSION = 1;
				DEVELOPMENT_ASSET_PATHS = "\"TouchDown/Preview Content\"";
				DEVELOPMENT_TEAM = FVWPNKUT4H;
				ENABLE_PREVIEWS = YES;
				GENERATE_INFOPLIST_FILE = YES;
				INFOPLIST_FILE = TouchDown/Info.plist;
				INFOPLIST_KEY_UIApplicationSceneManifest_Generation = YES;
				INFOPLIST_KEY_UIApplicationSupportsIndirectInputEvents = YES;
				INFOPLIST_KEY_UISupportedInterfaceOrientations = "UIInterfaceOrientationPortrait $(PRODUCT_BUNDLE_PACKAGE_TYPE)";
				INFOPLIST_KEY_UIUserInterfaceStyle = Light;
				LD_RUNPATH_SEARCH_PATHS = (
					"$(inherited)",
					"@executable_path/Frameworks",
				);
				MARKETING_VERSION = 1.0;
				PRODUCT_BUNDLE_IDENTIFIER = co.kr.Mystudy.TouchDown;
				PRODUCT_NAME = "$(TARGET_NAME)";
				SWIFT_EMIT_LOC_STRINGS = YES;
				SWIFT_VERSION = 5.0;
				TARGETED_DEVICE_FAMILY = "1,2";
			};
			name = Release;
		};
/* End XCBuildConfiguration section */

/* Begin XCConfigurationList section */
		DA2ACE89296CD42100D5928C /* Build configuration list for PBXProject "TouchDown" */ = {
			isa = XCConfigurationList;
			buildConfigurations = (
				DA2ACE9A296CD42200D5928C /* Debug */,
				DA2ACE9B296CD42200D5928C /* Release */,
			);
			defaultConfigurationIsVisible = 0;
			defaultConfigurationName = Release;
		};
		DA2ACE9C296CD42200D5928C /* Build configuration list for PBXNativeTarget "TouchDown" */ = {
			isa = XCConfigurationList;
			buildConfigurations = (
				DA2ACE9D296CD42200D5928C /* Debug */,
				DA2ACE9E296CD42200D5928C /* Release */,
			);
			defaultConfigurationIsVisible = 0;
			defaultConfigurationName = Release;
		};
/* End XCConfigurationList section */
	};
	rootObject = DA2ACE86296CD42100D5928C /* Project object */;
}
